// !$*UTF8*$!
{
	archiveVersion = 1;
	classes = {
	};
	objectVersion = 50;
	objects = {

/* Begin PBXBuildFile section */
		48379FD323E0018A00FA8C58 /* HavCustomersListModelTests.swift in Sources */ = {isa = PBXBuildFile; fileRef = 48379FD223E0018A00FA8C58 /* HavCustomersListModelTests.swift */; };
		48379FD523E017D100FA8C58 /* HavCustomersListPresenter.swift in Sources */ = {isa = PBXBuildFile; fileRef = 48379FD423E017D100FA8C58 /* HavCustomersListPresenter.swift */; };
		483B96D223DFF10900269A3A /* HavCustomersListViewController.swift in Sources */ = {isa = PBXBuildFile; fileRef = 483B96D123DFF10900269A3A /* HavCustomersListViewController.swift */; };
		483B96D623DFF1E900269A3A /* HavCustomerDetailsCell.swift in Sources */ = {isa = PBXBuildFile; fileRef = 483B96D423DFF1E900269A3A /* HavCustomerDetailsCell.swift */; };
		483B96D723DFF1E900269A3A /* CustomerDetailsCell.xib in Resources */ = {isa = PBXBuildFile; fileRef = 483B96D523DFF1E900269A3A /* CustomerDetailsCell.xib */; };
		483B96DC23DFF38000269A3A /* TableViewDataSource.swift in Sources */ = {isa = PBXBuildFile; fileRef = 483B96DB23DFF38000269A3A /* TableViewDataSource.swift */; };
		483B96DF23DFF41100269A3A /* HavBasePresenter.swift in Sources */ = {isa = PBXBuildFile; fileRef = 483B96DE23DFF41100269A3A /* HavBasePresenter.swift */; };
		483B96E323DFF4EB00269A3A /* HavBaseView.swift in Sources */ = {isa = PBXBuildFile; fileRef = 483B96E223DFF4EB00269A3A /* HavBaseView.swift */; };
		483B96E623DFF5F200269A3A /* HavBaseModel.swift in Sources */ = {isa = PBXBuildFile; fileRef = 483B96E523DFF5F200269A3A /* HavBaseModel.swift */; };
		483B96E823DFF63A00269A3A /* HavCustomersListModel.swift in Sources */ = {isa = PBXBuildFile; fileRef = 483B96E723DFF63A00269A3A /* HavCustomersListModel.swift */; };
		483B96EB23DFFB3400269A3A /* HavarsineDistance.swift in Sources */ = {isa = PBXBuildFile; fileRef = 483B96EA23DFFB3400269A3A /* HavarsineDistance.swift */; };
		484534BA23DE28C200513C48 /* AppDelegate.swift in Sources */ = {isa = PBXBuildFile; fileRef = 484534B923DE28C200513C48 /* AppDelegate.swift */; };
		484534BC23DE28C200513C48 /* SceneDelegate.swift in Sources */ = {isa = PBXBuildFile; fileRef = 484534BB23DE28C200513C48 /* SceneDelegate.swift */; };
		484534C123DE28C200513C48 /* Main.storyboard in Resources */ = {isa = PBXBuildFile; fileRef = 484534BF23DE28C200513C48 /* Main.storyboard */; };
		484534C323DE28C300513C48 /* Assets.xcassets in Resources */ = {isa = PBXBuildFile; fileRef = 484534C223DE28C300513C48 /* Assets.xcassets */; };
		484534C623DE28C300513C48 /* LaunchScreen.storyboard in Resources */ = {isa = PBXBuildFile; fileRef = 484534C423DE28C300513C48 /* LaunchScreen.storyboard */; };
		484534E223DE526400513C48 /* HavServiceClient.swift in Sources */ = {isa = PBXBuildFile; fileRef = 484534E123DE526400513C48 /* HavServiceClient.swift */; };
		484534E723DE53A900513C48 /* HavServiceReponse.swift in Sources */ = {isa = PBXBuildFile; fileRef = 484534E623DE53A900513C48 /* HavServiceReponse.swift */; };
		484534EA23DE53E200513C48 /* Constants.swift in Sources */ = {isa = PBXBuildFile; fileRef = 484534E923DE53E200513C48 /* Constants.swift */; };
		484534EC23DE541C00513C48 /* HavCustomerDataModel.swift in Sources */ = {isa = PBXBuildFile; fileRef = 484534EB23DE541C00513C48 /* HavCustomerDataModel.swift */; };
		484534F023DE553100513C48 /* Array+Extenstions.swift in Sources */ = {isa = PBXBuildFile; fileRef = 484534EF23DE553100513C48 /* Array+Extenstions.swift */; };
		484534F223DE555A00513C48 /* HavListOfCustomersService.swift in Sources */ = {isa = PBXBuildFile; fileRef = 484534F123DE555A00513C48 /* HavListOfCustomersService.swift */; };
		484534F423DE57BB00513C48 /* HavListOfCustomersServiceTests.swift in Sources */ = {isa = PBXBuildFile; fileRef = 484534F323DE57BB00513C48 /* HavListOfCustomersServiceTests.swift */; };
		484878A923E0C13C009C55E8 /* BaseTableViewCell.swift in Sources */ = {isa = PBXBuildFile; fileRef = 484878A823E0C13C009C55E8 /* BaseTableViewCell.swift */; };
		484878AB23E0C9A3009C55E8 /* UIButton+Extenstions.swift in Sources */ = {isa = PBXBuildFile; fileRef = 484878AA23E0C9A3009C55E8 /* UIButton+Extenstions.swift */; };
		484878AD23E0E85D009C55E8 /* HavCustomersListPresenterTests.swift in Sources */ = {isa = PBXBuildFile; fileRef = 484878AC23E0E85D009C55E8 /* HavCustomersListPresenterTests.swift */; };
/* End PBXBuildFile section */

/* Begin PBXContainerItemProxy section */
		484534CD23DE28C400513C48 /* PBXContainerItemProxy */ = {
			isa = PBXContainerItemProxy;
			containerPortal = 484534AE23DE28C200513C48 /* Project object */;
			proxyType = 1;
			remoteGlobalIDString = 484534B523DE28C200513C48;
			remoteInfo = NearByCustomers;
		};
/* End PBXContainerItemProxy section */

/* Begin PBXFileReference section */
		48379FD223E0018A00FA8C58 /* HavCustomersListModelTests.swift */ = {isa = PBXFileReference; lastKnownFileType = sourcecode.swift; path = HavCustomersListModelTests.swift; sourceTree = "<group>"; };
		48379FD423E017D100FA8C58 /* HavCustomersListPresenter.swift */ = {isa = PBXFileReference; lastKnownFileType = sourcecode.swift; path = HavCustomersListPresenter.swift; sourceTree = "<group>"; };
		483B96D123DFF10900269A3A /* HavCustomersListViewController.swift */ = {isa = PBXFileReference; lastKnownFileType = sourcecode.swift; name = HavCustomersListViewController.swift; path = CustomersList/HavCustomersListViewController.swift; sourceTree = "<group>"; };
		483B96D423DFF1E900269A3A /* HavCustomerDetailsCell.swift */ = {isa = PBXFileReference; lastKnownFileType = sourcecode.swift; path = HavCustomerDetailsCell.swift; sourceTree = "<group>"; };
		483B96D523DFF1E900269A3A /* CustomerDetailsCell.xib */ = {isa = PBXFileReference; lastKnownFileType = file.xib; path = CustomerDetailsCell.xib; sourceTree = "<group>"; };
		483B96DB23DFF38000269A3A /* TableViewDataSource.swift */ = {isa = PBXFileReference; lastKnownFileType = sourcecode.swift; path = TableViewDataSource.swift; sourceTree = "<group>"; };
		483B96DE23DFF41100269A3A /* HavBasePresenter.swift */ = {isa = PBXFileReference; lastKnownFileType = sourcecode.swift; path = HavBasePresenter.swift; sourceTree = "<group>"; };
		483B96E223DFF4EB00269A3A /* HavBaseView.swift */ = {isa = PBXFileReference; lastKnownFileType = sourcecode.swift; path = HavBaseView.swift; sourceTree = "<group>"; };
		483B96E523DFF5F200269A3A /* HavBaseModel.swift */ = {isa = PBXFileReference; lastKnownFileType = sourcecode.swift; path = HavBaseModel.swift; sourceTree = "<group>"; };
		483B96E723DFF63A00269A3A /* HavCustomersListModel.swift */ = {isa = PBXFileReference; lastKnownFileType = sourcecode.swift; path = HavCustomersListModel.swift; sourceTree = "<group>"; };
		483B96EA23DFFB3400269A3A /* HavarsineDistance.swift */ = {isa = PBXFileReference; lastKnownFileType = sourcecode.swift; path = HavarsineDistance.swift; sourceTree = "<group>"; };
		484534B623DE28C200513C48 /* NearByCustomers.app */ = {isa = PBXFileReference; explicitFileType = wrapper.application; includeInIndex = 0; path = NearByCustomers.app; sourceTree = BUILT_PRODUCTS_DIR; };
		484534B923DE28C200513C48 /* AppDelegate.swift */ = {isa = PBXFileReference; lastKnownFileType = sourcecode.swift; path = AppDelegate.swift; sourceTree = "<group>"; };
		484534BB23DE28C200513C48 /* SceneDelegate.swift */ = {isa = PBXFileReference; lastKnownFileType = sourcecode.swift; path = SceneDelegate.swift; sourceTree = "<group>"; };
		484534C023DE28C200513C48 /* Base */ = {isa = PBXFileReference; lastKnownFileType = file.storyboard; name = Base; path = Base.lproj/Main.storyboard; sourceTree = "<group>"; };
		484534C223DE28C300513C48 /* Assets.xcassets */ = {isa = PBXFileReference; lastKnownFileType = folder.assetcatalog; path = Assets.xcassets; sourceTree = "<group>"; };
		484534C523DE28C300513C48 /* Base */ = {isa = PBXFileReference; lastKnownFileType = file.storyboard; name = Base; path = Base.lproj/LaunchScreen.storyboard; sourceTree = "<group>"; };
		484534C723DE28C300513C48 /* Info.plist */ = {isa = PBXFileReference; lastKnownFileType = text.plist.xml; path = Info.plist; sourceTree = "<group>"; };
		484534CC23DE28C400513C48 /* NearByCustomersTests.xctest */ = {isa = PBXFileReference; explicitFileType = wrapper.cfbundle; includeInIndex = 0; path = NearByCustomersTests.xctest; sourceTree = BUILT_PRODUCTS_DIR; };
		484534D223DE28C400513C48 /* Info.plist */ = {isa = PBXFileReference; lastKnownFileType = text.plist.xml; path = Info.plist; sourceTree = "<group>"; };
		484534E123DE526400513C48 /* HavServiceClient.swift */ = {isa = PBXFileReference; lastKnownFileType = sourcecode.swift; path = HavServiceClient.swift; sourceTree = "<group>"; };
		484534E623DE53A900513C48 /* HavServiceReponse.swift */ = {isa = PBXFileReference; lastKnownFileType = sourcecode.swift; path = HavServiceReponse.swift; sourceTree = "<group>"; };
		484534E923DE53E200513C48 /* Constants.swift */ = {isa = PBXFileReference; lastKnownFileType = sourcecode.swift; path = Constants.swift; sourceTree = "<group>"; };
		484534EB23DE541C00513C48 /* HavCustomerDataModel.swift */ = {isa = PBXFileReference; lastKnownFileType = sourcecode.swift; name = HavCustomerDataModel.swift; path = NearByCustomers/DataModel/HavCustomerDataModel.swift; sourceTree = SOURCE_ROOT; };
		484534EF23DE553100513C48 /* Array+Extenstions.swift */ = {isa = PBXFileReference; lastKnownFileType = sourcecode.swift; path = "Array+Extenstions.swift"; sourceTree = "<group>"; };
		484534F123DE555A00513C48 /* HavListOfCustomersService.swift */ = {isa = PBXFileReference; lastKnownFileType = sourcecode.swift; path = HavListOfCustomersService.swift; sourceTree = "<group>"; };
		484534F323DE57BB00513C48 /* HavListOfCustomersServiceTests.swift */ = {isa = PBXFileReference; lastKnownFileType = sourcecode.swift; path = HavListOfCustomersServiceTests.swift; sourceTree = "<group>"; };
		484878A823E0C13C009C55E8 /* BaseTableViewCell.swift */ = {isa = PBXFileReference; lastKnownFileType = sourcecode.swift; path = BaseTableViewCell.swift; sourceTree = "<group>"; };
		484878AA23E0C9A3009C55E8 /* UIButton+Extenstions.swift */ = {isa = PBXFileReference; lastKnownFileType = sourcecode.swift; path = "UIButton+Extenstions.swift"; sourceTree = "<group>"; };
		484878AC23E0E85D009C55E8 /* HavCustomersListPresenterTests.swift */ = {isa = PBXFileReference; lastKnownFileType = sourcecode.swift; path = HavCustomersListPresenterTests.swift; sourceTree = "<group>"; };
/* End PBXFileReference section */

/* Begin PBXFrameworksBuildPhase section */
		484534B323DE28C200513C48 /* Frameworks */ = {
			isa = PBXFrameworksBuildPhase;
			buildActionMask = 2147483647;
			files = (
			);
			runOnlyForDeploymentPostprocessing = 0;
		};
		484534C923DE28C400513C48 /* Frameworks */ = {
			isa = PBXFrameworksBuildPhase;
			buildActionMask = 2147483647;
			files = (
			);
			runOnlyForDeploymentPostprocessing = 0;
		};
/* End PBXFrameworksBuildPhase section */

/* Begin PBXGroup section */
		483B96D023DFF06E00269A3A /* Views */ = {
			isa = PBXGroup;
			children = (
				483B96E123DFF4D100269A3A /* BaseView */,
				483B96D823DFF23E00269A3A /* CustomCells */,
				483B96D123DFF10900269A3A /* HavCustomersListViewController.swift */,
			);
			path = Views;
			sourceTree = "<group>";
		};
		483B96D823DFF23E00269A3A /* CustomCells */ = {
			isa = PBXGroup;
			children = (
				484878A823E0C13C009C55E8 /* BaseTableViewCell.swift */,
				483B96D423DFF1E900269A3A /* HavCustomerDetailsCell.swift */,
				483B96D523DFF1E900269A3A /* CustomerDetailsCell.xib */,
			);
			path = CustomCells;
			sourceTree = "<group>";
		};
		483B96D923DFF34800269A3A /* Models */ = {
			isa = PBXGroup;
			children = (
				483B96DA23DFF35700269A3A /* DataSouce */,
				483B96E423DFF5BE00269A3A /* BaseModel */,
				483B96E723DFF63A00269A3A /* HavCustomersListModel.swift */,
			);
			path = Models;
			sourceTree = "<group>";
		};
		483B96DA23DFF35700269A3A /* DataSouce */ = {
			isa = PBXGroup;
			children = (
				483B96DB23DFF38000269A3A /* TableViewDataSource.swift */,
			);
			path = DataSouce;
			sourceTree = "<group>";
		};
		483B96DD23DFF3F400269A3A /* Presenter */ = {
			isa = PBXGroup;
			children = (
				483B96E023DFF41600269A3A /* BasePresenter */,
				48379FD423E017D100FA8C58 /* HavCustomersListPresenter.swift */,
			);
			path = Presenter;
			sourceTree = "<group>";
		};
		483B96E023DFF41600269A3A /* BasePresenter */ = {
			isa = PBXGroup;
			children = (
				483B96DE23DFF41100269A3A /* HavBasePresenter.swift */,
			);
			path = BasePresenter;
			sourceTree = "<group>";
		};
		483B96E123DFF4D100269A3A /* BaseView */ = {
			isa = PBXGroup;
			children = (
				483B96E223DFF4EB00269A3A /* HavBaseView.swift */,
			);
			path = BaseView;
			sourceTree = "<group>";
		};
		483B96E423DFF5BE00269A3A /* BaseModel */ = {
			isa = PBXGroup;
			children = (
				483B96E523DFF5F200269A3A /* HavBaseModel.swift */,
			);
			path = BaseModel;
			sourceTree = "<group>";
		};
		483B96E923DFFB0E00269A3A /* HavarsineDistance */ = {
			isa = PBXGroup;
			children = (
				483B96EA23DFFB3400269A3A /* HavarsineDistance.swift */,
			);
			path = HavarsineDistance;
			sourceTree = "<group>";
		};
		484534AD23DE28C200513C48 = {
			isa = PBXGroup;
			children = (
				484534B823DE28C200513C48 /* NearByCustomers */,
				484534CF23DE28C400513C48 /* NearByCustomersTests */,
				484534B723DE28C200513C48 /* Products */,
			);
			sourceTree = "<group>";
		};
		484534B723DE28C200513C48 /* Products */ = {
			isa = PBXGroup;
			children = (
				484534B623DE28C200513C48 /* NearByCustomers.app */,
				484534CC23DE28C400513C48 /* NearByCustomersTests.xctest */,
			);
			name = Products;
			sourceTree = "<group>";
		};
		484534B823DE28C200513C48 /* NearByCustomers */ = {
			isa = PBXGroup;
			children = (
				484534B923DE28C200513C48 /* AppDelegate.swift */,
				484534BB23DE28C200513C48 /* SceneDelegate.swift */,
				483B96D923DFF34800269A3A /* Models */,
				483B96D023DFF06E00269A3A /* Views */,
				483B96DD23DFF3F400269A3A /* Presenter */,
				484534ED23DE550F00513C48 /* Helper */,
				484534DF23DE523500513C48 /* Services */,
				484534E323DE534500513C48 /* DataModel */,
				484534E823DE53CA00513C48 /* Constants */,
				484534BF23DE28C200513C48 /* Main.storyboard */,
				484534C223DE28C300513C48 /* Assets.xcassets */,
				484534C423DE28C300513C48 /* LaunchScreen.storyboard */,
				484534C723DE28C300513C48 /* Info.plist */,
			);
			path = NearByCustomers;
			sourceTree = "<group>";
		};
		484534CF23DE28C400513C48 /* NearByCustomersTests */ = {
			isa = PBXGroup;
			children = (
				484534F323DE57BB00513C48 /* HavListOfCustomersServiceTests.swift */,
				48379FD223E0018A00FA8C58 /* HavCustomersListModelTests.swift */,
				484878AC23E0E85D009C55E8 /* HavCustomersListPresenterTests.swift */,
				484534D223DE28C400513C48 /* Info.plist */,
			);
			path = NearByCustomersTests;
			sourceTree = "<group>";
		};
		484534DF23DE523500513C48 /* Services */ = {
			isa = PBXGroup;
			children = (
				484534E023DE523E00513C48 /* Parser */,
				484534F123DE555A00513C48 /* HavListOfCustomersService.swift */,
			);
			path = Services;
			sourceTree = "<group>";
		};
		484534E023DE523E00513C48 /* Parser */ = {
			isa = PBXGroup;
			children = (
				484534E123DE526400513C48 /* HavServiceClient.swift */,
			);
			path = Parser;
			sourceTree = "<group>";
		};
		484534E323DE534500513C48 /* DataModel */ = {
			isa = PBXGroup;
			children = (
				484534E423DE536C00513C48 /* ServiceResponse */,
				484534EB23DE541C00513C48 /* HavCustomerDataModel.swift */,
			);
			path = DataModel;
			sourceTree = "<group>";
		};
		484534E423DE536C00513C48 /* ServiceResponse */ = {
			isa = PBXGroup;
			children = (
				484534E623DE53A900513C48 /* HavServiceReponse.swift */,
			);
			path = ServiceResponse;
			sourceTree = "<group>";
		};
		484534E823DE53CA00513C48 /* Constants */ = {
			isa = PBXGroup;
			children = (
				484534E923DE53E200513C48 /* Constants.swift */,
			);
			path = Constants;
			sourceTree = "<group>";
		};
		484534ED23DE550F00513C48 /* Helper */ = {
			isa = PBXGroup;
			children = (
				483B96E923DFFB0E00269A3A /* HavarsineDistance */,
				484534EE23DE551800513C48 /* Extenstions */,
			);
			path = Helper;
			sourceTree = "<group>";
		};
		484534EE23DE551800513C48 /* Extenstions */ = {
			isa = PBXGroup;
			children = (
				484534EF23DE553100513C48 /* Array+Extenstions.swift */,
				484878AA23E0C9A3009C55E8 /* UIButton+Extenstions.swift */,
			);
			path = Extenstions;
			sourceTree = "<group>";
		};
/* End PBXGroup section */

/* Begin PBXNativeTarget section */
		484534B523DE28C200513C48 /* NearByCustomers */ = {
			isa = PBXNativeTarget;
			buildConfigurationList = 484534D523DE28C400513C48 /* Build configuration list for PBXNativeTarget "NearByCustomers" */;
			buildPhases = (
				484534B223DE28C200513C48 /* Sources */,
				484534B323DE28C200513C48 /* Frameworks */,
				484534B423DE28C200513C48 /* Resources */,
			);
			buildRules = (
			);
			dependencies = (
			);
			name = NearByCustomers;
			productName = NearByCustomers;
			productReference = 484534B623DE28C200513C48 /* NearByCustomers.app */;
			productType = "com.apple.product-type.application";
		};
		484534CB23DE28C400513C48 /* NearByCustomersTests */ = {
			isa = PBXNativeTarget;
			buildConfigurationList = 484534D823DE28C400513C48 /* Build configuration list for PBXNativeTarget "NearByCustomersTests" */;
			buildPhases = (
				484534C823DE28C400513C48 /* Sources */,
				484534C923DE28C400513C48 /* Frameworks */,
				484534CA23DE28C400513C48 /* Resources */,
			);
			buildRules = (
			);
			dependencies = (
				484534CE23DE28C400513C48 /* PBXTargetDependency */,
			);
			name = NearByCustomersTests;
			productName = NearByCustomersTests;
			productReference = 484534CC23DE28C400513C48 /* NearByCustomersTests.xctest */;
			productType = "com.apple.product-type.bundle.unit-test";
		};
/* End PBXNativeTarget section */

/* Begin PBXProject section */
		484534AE23DE28C200513C48 /* Project object */ = {
			isa = PBXProject;
			attributes = {
				LastSwiftUpdateCheck = 1120;
				LastUpgradeCheck = 1120;
				ORGANIZATIONNAME = "Mona Qora";
				TargetAttributes = {
					484534B523DE28C200513C48 = {
						CreatedOnToolsVersion = 11.2.1;
					};
					484534CB23DE28C400513C48 = {
						CreatedOnToolsVersion = 11.2.1;
						TestTargetID = 484534B523DE28C200513C48;
					};
				};
			};
			buildConfigurationList = 484534B123DE28C200513C48 /* Build configuration list for PBXProject "NearByCustomers" */;
			compatibilityVersion = "Xcode 9.3";
			developmentRegion = en;
			hasScannedForEncodings = 0;
			knownRegions = (
				en,
				Base,
			);
			mainGroup = 484534AD23DE28C200513C48;
			productRefGroup = 484534B723DE28C200513C48 /* Products */;
			projectDirPath = "";
			projectRoot = "";
			targets = (
				484534B523DE28C200513C48 /* NearByCustomers */,
				484534CB23DE28C400513C48 /* NearByCustomersTests */,
			);
		};
/* End PBXProject section */

/* Begin PBXResourcesBuildPhase section */
		484534B423DE28C200513C48 /* Resources */ = {
			isa = PBXResourcesBuildPhase;
			buildActionMask = 2147483647;
			files = (
				484534C623DE28C300513C48 /* LaunchScreen.storyboard in Resources */,
				484534C323DE28C300513C48 /* Assets.xcassets in Resources */,
				483B96D723DFF1E900269A3A /* CustomerDetailsCell.xib in Resources */,
				484534C123DE28C200513C48 /* Main.storyboard in Resources */,
			);
			runOnlyForDeploymentPostprocessing = 0;
		};
		484534CA23DE28C400513C48 /* Resources */ = {
			isa = PBXResourcesBuildPhase;
			buildActionMask = 2147483647;
			files = (
			);
			runOnlyForDeploymentPostprocessing = 0;
		};
/* End PBXResourcesBuildPhase section */

/* Begin PBXSourcesBuildPhase section */
		484534B223DE28C200513C48 /* Sources */ = {
			isa = PBXSourcesBuildPhase;
			buildActionMask = 2147483647;
			files = (
				484534F023DE553100513C48 /* Array+Extenstions.swift in Sources */,
				483B96DC23DFF38000269A3A /* TableViewDataSource.swift in Sources */,
				484534EC23DE541C00513C48 /* HavCustomerDataModel.swift in Sources */,
				483B96DF23DFF41100269A3A /* HavBasePresenter.swift in Sources */,
				484878A923E0C13C009C55E8 /* BaseTableViewCell.swift in Sources */,
				483B96D623DFF1E900269A3A /* HavCustomerDetailsCell.swift in Sources */,
				48379FD523E017D100FA8C58 /* HavCustomersListPresenter.swift in Sources */,
				483B96E823DFF63A00269A3A /* HavCustomersListModel.swift in Sources */,
				484534E223DE526400513C48 /* HavServiceClient.swift in Sources */,
				484534F223DE555A00513C48 /* HavListOfCustomersService.swift in Sources */,
				484534E723DE53A900513C48 /* HavServiceReponse.swift in Sources */,
				484534BA23DE28C200513C48 /* AppDelegate.swift in Sources */,
				483B96E323DFF4EB00269A3A /* HavBaseView.swift in Sources */,
				484534BC23DE28C200513C48 /* SceneDelegate.swift in Sources */,
				483B96D223DFF10900269A3A /* HavCustomersListViewController.swift in Sources */,
				483B96E623DFF5F200269A3A /* HavBaseModel.swift in Sources */,
				484878AB23E0C9A3009C55E8 /* UIButton+Extenstions.swift in Sources */,
				483B96EB23DFFB3400269A3A /* HavarsineDistance.swift in Sources */,
				484534EA23DE53E200513C48 /* Constants.swift in Sources */,
			);
			runOnlyForDeploymentPostprocessing = 0;
		};
		484534C823DE28C400513C48 /* Sources */ = {
			isa = PBXSourcesBuildPhase;
			buildActionMask = 2147483647;
			files = (
				484878AD23E0E85D009C55E8 /* HavCustomersListPresenterTests.swift in Sources */,
				48379FD323E0018A00FA8C58 /* HavCustomersListModelTests.swift in Sources */,
				484534F423DE57BB00513C48 /* HavListOfCustomersServiceTests.swift in Sources */,
			);
			runOnlyForDeploymentPostprocessing = 0;
		};
/* End PBXSourcesBuildPhase section */

/* Begin PBXTargetDependency section */
		484534CE23DE28C400513C48 /* PBXTargetDependency */ = {
			isa = PBXTargetDependency;
			target = 484534B523DE28C200513C48 /* NearByCustomers */;
			targetProxy = 484534CD23DE28C400513C48 /* PBXContainerItemProxy */;
		};
/* End PBXTargetDependency section */

/* Begin PBXVariantGroup section */
		484534BF23DE28C200513C48 /* Main.storyboard */ = {
			isa = PBXVariantGroup;
			children = (
				484534C023DE28C200513C48 /* Base */,
			);
			name = Main.storyboard;
			sourceTree = "<group>";
		};
		484534C423DE28C300513C48 /* LaunchScreen.storyboard */ = {
			isa = PBXVariantGroup;
			children = (
				484534C523DE28C300513C48 /* Base */,
			);
			name = LaunchScreen.storyboard;
			sourceTree = "<group>";
		};
/* End PBXVariantGroup section */

/* Begin XCBuildConfiguration section */
		484534D323DE28C400513C48 /* Debug */ = {
			isa = XCBuildConfiguration;
			buildSettings = {
				ALWAYS_SEARCH_USER_PATHS = NO;
				CLANG_ANALYZER_NONNULL = YES;
				CLANG_ANALYZER_NUMBER_OBJECT_CONVERSION = YES_AGGRESSIVE;
				CLANG_CXX_LANGUAGE_STANDARD = "gnu++14";
				CLANG_CXX_LIBRARY = "libc++";
				CLANG_ENABLE_MODULES = YES;
				CLANG_ENABLE_OBJC_ARC = YES;
				CLANG_ENABLE_OBJC_WEAK = YES;
				CLANG_WARN_BLOCK_CAPTURE_AUTORELEASING = YES;
				CLANG_WARN_BOOL_CONVERSION = YES;
				CLANG_WARN_COMMA = YES;
				CLANG_WARN_CONSTANT_CONVERSION = YES;
				CLANG_WARN_DEPRECATED_OBJC_IMPLEMENTATIONS = YES;
				CLANG_WARN_DIRECT_OBJC_ISA_USAGE = YES_ERROR;
				CLANG_WARN_DOCUMENTATION_COMMENTS = YES;
				CLANG_WARN_EMPTY_BODY = YES;
				CLANG_WARN_ENUM_CONVERSION = YES;
				CLANG_WARN_INFINITE_RECURSION = YES;
				CLANG_WARN_INT_CONVERSION = YES;
				CLANG_WARN_NON_LITERAL_NULL_CONVERSION = YES;
				CLANG_WARN_OBJC_IMPLICIT_RETAIN_SELF = YES;
				CLANG_WARN_OBJC_LITERAL_CONVERSION = YES;
				CLANG_WARN_OBJC_ROOT_CLASS = YES_ERROR;
				CLANG_WARN_RANGE_LOOP_ANALYSIS = YES;
				CLANG_WARN_STRICT_PROTOTYPES = YES;
				CLANG_WARN_SUSPICIOUS_MOVE = YES;
				CLANG_WARN_UNGUARDED_AVAILABILITY = YES_AGGRESSIVE;
				CLANG_WARN_UNREACHABLE_CODE = YES;
				CLANG_WARN__DUPLICATE_METHOD_MATCH = YES;
				COPY_PHASE_STRIP = NO;
				DEBUG_INFORMATION_FORMAT = dwarf;
				ENABLE_STRICT_OBJC_MSGSEND = YES;
				ENABLE_TESTABILITY = YES;
				GCC_C_LANGUAGE_STANDARD = gnu11;
				GCC_DYNAMIC_NO_PIC = NO;
				GCC_NO_COMMON_BLOCKS = YES;
				GCC_OPTIMIZATION_LEVEL = 0;
				GCC_PREPROCESSOR_DEFINITIONS = (
					"DEBUG=1",
					"$(inherited)",
				);
				GCC_WARN_64_TO_32_BIT_CONVERSION = YES;
				GCC_WARN_ABOUT_RETURN_TYPE = YES_ERROR;
				GCC_WARN_UNDECLARED_SELECTOR = YES;
				GCC_WARN_UNINITIALIZED_AUTOS = YES_AGGRESSIVE;
				GCC_WARN_UNUSED_FUNCTION = YES;
				GCC_WARN_UNUSED_VARIABLE = YES;
				IPHONEOS_DEPLOYMENT_TARGET = 12.0;
				MTL_ENABLE_DEBUG_INFO = INCLUDE_SOURCE;
				MTL_FAST_MATH = YES;
				ONLY_ACTIVE_ARCH = YES;
				SDKROOT = iphoneos;
				SWIFT_ACTIVE_COMPILATION_CONDITIONS = DEBUG;
				SWIFT_OPTIMIZATION_LEVEL = "-Onone";
			};
			name = Debug;
		};
		484534D423DE28C400513C48 /* Release */ = {
			isa = XCBuildConfiguration;
			buildSettings = {
				ALWAYS_SEARCH_USER_PATHS = NO;
				CLANG_ANALYZER_NONNULL = YES;
				CLANG_ANALYZER_NUMBER_OBJECT_CONVERSION = YES_AGGRESSIVE;
				CLANG_CXX_LANGUAGE_STANDARD = "gnu++14";
				CLANG_CXX_LIBRARY = "libc++";
				CLANG_ENABLE_MODULES = YES;
				CLANG_ENABLE_OBJC_ARC = YES;
				CLANG_ENABLE_OBJC_WEAK = YES;
				CLANG_WARN_BLOCK_CAPTURE_AUTORELEASING = YES;
				CLANG_WARN_BOOL_CONVERSION = YES;
				CLANG_WARN_COMMA = YES;
				CLANG_WARN_CONSTANT_CONVERSION = YES;
				CLANG_WARN_DEPRECATED_OBJC_IMPLEMENTATIONS = YES;
				CLANG_WARN_DIRECT_OBJC_ISA_USAGE = YES_ERROR;
				CLANG_WARN_DOCUMENTATION_COMMENTS = YES;
				CLANG_WARN_EMPTY_BODY = YES;
				CLANG_WARN_ENUM_CONVERSION = YES;
				CLANG_WARN_INFINITE_RECURSION = YES;
				CLANG_WARN_INT_CONVERSION = YES;
				CLANG_WARN_NON_LITERAL_NULL_CONVERSION = YES;
				CLANG_WARN_OBJC_IMPLICIT_RETAIN_SELF = YES;
				CLANG_WARN_OBJC_LITERAL_CONVERSION = YES;
				CLANG_WARN_OBJC_ROOT_CLASS = YES_ERROR;
				CLANG_WARN_RANGE_LOOP_ANALYSIS = YES;
				CLANG_WARN_STRICT_PROTOTYPES = YES;
				CLANG_WARN_SUSPICIOUS_MOVE = YES;
				CLANG_WARN_UNGUARDED_AVAILABILITY = YES_AGGRESSIVE;
				CLANG_WARN_UNREACHABLE_CODE = YES;
				CLANG_WARN__DUPLICATE_METHOD_MATCH = YES;
				COPY_PHASE_STRIP = NO;
				DEBUG_INFORMATION_FORMAT = "dwarf-with-dsym";
				ENABLE_NS_ASSERTIONS = NO;
				ENABLE_STRICT_OBJC_MSGSEND = YES;
				GCC_C_LANGUAGE_STANDARD = gnu11;
				GCC_NO_COMMON_BLOCKS = YES;
				GCC_WARN_64_TO_32_BIT_CONVERSION = YES;
				GCC_WARN_ABOUT_RETURN_TYPE = YES_ERROR;
				GCC_WARN_UNDECLARED_SELECTOR = YES;
				GCC_WARN_UNINITIALIZED_AUTOS = YES_AGGRESSIVE;
				GCC_WARN_UNUSED_FUNCTION = YES;
				GCC_WARN_UNUSED_VARIABLE = YES;
				IPHONEOS_DEPLOYMENT_TARGET = 12.0;
				MTL_ENABLE_DEBUG_INFO = NO;
				MTL_FAST_MATH = YES;
				SDKROOT = iphoneos;
				SWIFT_COMPILATION_MODE = wholemodule;
				SWIFT_OPTIMIZATION_LEVEL = "-O";
				VALIDATE_PRODUCT = YES;
			};
			name = Release;
		};
		484534D623DE28C400513C48 /* Debug */ = {
			isa = XCBuildConfiguration;
			buildSettings = {
				ASSETCATALOG_COMPILER_APPICON_NAME = AppIcon;
				CODE_SIGN_STYLE = Automatic;
				INFOPLIST_FILE = NearByCustomers/Info.plist;
				LD_RUNPATH_SEARCH_PATHS = (
					"$(inherited)",
					"@executable_path/Frameworks",
				);
				PRODUCT_BUNDLE_IDENTIFIER = MonaQora.NearByCustomers;
				PRODUCT_NAME = "$(TARGET_NAME)";
				SWIFT_VERSION = 5.0;
				TARGETED_DEVICE_FAMILY = "1,2";
			};
			name = Debug;
		};
		484534D723DE28C400513C48 /* Release */ = {
			isa = XCBuildConfiguration;
			buildSettings = {
				ASSETCATALOG_COMPILER_APPICON_NAME = AppIcon;
				CODE_SIGN_STYLE = Automatic;
				INFOPLIST_FILE = NearByCustomers/Info.plist;
				LD_RUNPATH_SEARCH_PATHS = (
					"$(inherited)",
					"@executable_path/Frameworks",
				);
				PRODUCT_BUNDLE_IDENTIFIER = MonaQora.NearByCustomers;
				PRODUCT_NAME = "$(TARGET_NAME)";
				SWIFT_VERSION = 5.0;
				TARGETED_DEVICE_FAMILY = "1,2";
			};
			name = Release;
		};
		484534D923DE28C400513C48 /* Debug */ = {
			isa = XCBuildConfiguration;
			buildSettings = {
				ALWAYS_EMBED_SWIFT_STANDARD_LIBRARIES = YES;
				BUNDLE_LOADER = "$(TEST_HOST)";
				CODE_SIGN_STYLE = Automatic;
				INFOPLIST_FILE = NearByCustomersTests/Info.plist;
				IPHONEOS_DEPLOYMENT_TARGET = 13.2;
				LD_RUNPATH_SEARCH_PATHS = (
					"$(inherited)",
					"@executable_path/Frameworks",
					"@loader_path/Frameworks",
				);
				PRODUCT_BUNDLE_IDENTIFIER = MonaQora.NearByCustomersTests;
				PRODUCT_NAME = "$(TARGET_NAME)";
				SWIFT_VERSION = 5.0;
				TARGETED_DEVICE_FAMILY = "1,2";
				TEST_HOST = "$(BUILT_PRODUCTS_DIR)/NearByCustomers.app/NearByCustomers";
			};
			name = Debug;
		};
		484534DA23DE28C400513C48 /* Release */ = {
			isa = XCBuildConfiguration;
			buildSettings = {
				ALWAYS_EMBED_SWIFT_STANDARD_LIBRARIES = YES;
				BUNDLE_LOADER = "$(TEST_HOST)";
				CODE_SIGN_STYLE = Automatic;
				INFOPLIST_FILE = NearByCustomersTests/Info.plist;
				IPHONEOS_DEPLOYMENT_TARGET = 13.2;
				LD_RUNPATH_SEARCH_PATHS = (
					"$(inherited)",
					"@executable_path/Frameworks",
					"@loader_path/Frameworks",
				);
				PRODUCT_BUNDLE_IDENTIFIER = MonaQora.NearByCustomersTests;
				PRODUCT_NAME = "$(TARGET_NAME)";
				SWIFT_VERSION = 5.0;
				TARGETED_DEVICE_FAMILY = "1,2";
				TEST_HOST = "$(BUILT_PRODUCTS_DIR)/NearByCustomers.app/NearByCustomers";
			};
			name = Release;
		};
/* End XCBuildConfiguration section */

/* Begin XCConfigurationList section */
		484534B123DE28C200513C48 /* Build configuration list for PBXProject "NearByCustomers" */ = {
			isa = XCConfigurationList;
			buildConfigurations = (
				484534D323DE28C400513C48 /* Debug */,
				484534D423DE28C400513C48 /* Release */,
			);
			defaultConfigurationIsVisible = 0;
			defaultConfigurationName = Release;
		};
		484534D523DE28C400513C48 /* Build configuration list for PBXNativeTarget "NearByCustomers" */ = {
			isa = XCConfigurationList;
			buildConfigurations = (
				484534D623DE28C400513C48 /* Debug */,
				484534D723DE28C400513C48 /* Release */,
			);
			defaultConfigurationIsVisible = 0;
			defaultConfigurationName = Release;
		};
		484534D823DE28C400513C48 /* Build configuration list for PBXNativeTarget "NearByCustomersTests" */ = {
			isa = XCConfigurationList;
			buildConfigurations = (
				484534D923DE28C400513C48 /* Debug */,
				484534DA23DE28C400513C48 /* Release */,
			);
			defaultConfigurationIsVisible = 0;
			defaultConfigurationName = Release;
		};
/* End XCConfigurationList section */
	};
	rootObject = 484534AE23DE28C200513C48 /* Project object */;
}
